// !$*UTF8*$!
{
	archiveVersion = 1;
	classes = {
	};
	objectVersion = 50;
	objects = {

/* Begin PBXBuildFile section */
		87123784228FF6BC003F5F88 /* AppDelegate.swift in Sources */ = {isa = PBXBuildFile; fileRef = 87123783228FF6BC003F5F88 /* AppDelegate.swift */; };
		87123789228FF6BC003F5F88 /* Main.storyboard in Resources */ = {isa = PBXBuildFile; fileRef = 87123787228FF6BC003F5F88 /* Main.storyboard */; };
		8712378B228FF6BD003F5F88 /* Assets.xcassets in Resources */ = {isa = PBXBuildFile; fileRef = 8712378A228FF6BD003F5F88 /* Assets.xcassets */; };
		8712378E228FF6BD003F5F88 /* LaunchScreen.storyboard in Resources */ = {isa = PBXBuildFile; fileRef = 8712378C228FF6BD003F5F88 /* LaunchScreen.storyboard */; };
		871237B2228FFAEE003F5F88 /* CalendarViewController.swift in Sources */ = {isa = PBXBuildFile; fileRef = 871237B1228FFAEE003F5F88 /* CalendarViewController.swift */; };
		93059A20F20FEAE639DD07D7 /* Pods_CalendarAppTests.framework in Frameworks */ = {isa = PBXBuildFile; fileRef = 2BF709CFA1C4D903B40E9F30 /* Pods_CalendarAppTests.framework */; };
		B5A5C1841AABB2C3DE1F5276 /* Pods_CalendarApp.framework in Frameworks */ = {isa = PBXBuildFile; fileRef = F738E49BD5ED62F05EE5DC12 /* Pods_CalendarApp.framework */; };
		F46336F690BF5EB2ADD5BB5C /* Pods_CalendarAppUITests.framework in Frameworks */ = {isa = PBXBuildFile; fileRef = 9D2A8D354DC3AF6B7C02A7E8 /* Pods_CalendarAppUITests.framework */; };
/* End PBXBuildFile section */

/* Begin PBXContainerItemProxy section */
		87123795228FF6BD003F5F88 /* PBXContainerItemProxy */ = {
			isa = PBXContainerItemProxy;
			containerPortal = 87123778228FF6BC003F5F88 /* Project object */;
			proxyType = 1;
			remoteGlobalIDString = 8712377F228FF6BC003F5F88;
			remoteInfo = CalendarApp;
		};
		871237A0228FF6BD003F5F88 /* PBXContainerItemProxy */ = {
			isa = PBXContainerItemProxy;
			containerPortal = 87123778228FF6BC003F5F88 /* Project object */;
			proxyType = 1;
			remoteGlobalIDString = 8712377F228FF6BC003F5F88;
			remoteInfo = CalendarApp;
		};
/* End PBXContainerItemProxy section */

/* Begin PBXFileReference section */
		0DB9545F32BF615975A9C01C /* Pods-CalendarApp.release.xcconfig */ = {isa = PBXFileReference; includeInIndex = 1; lastKnownFileType = text.xcconfig; name = "Pods-CalendarApp.release.xcconfig"; path = "Pods/Target Support Files/Pods-CalendarApp/Pods-CalendarApp.release.xcconfig"; sourceTree = "<group>"; };
		1F4CB158F9FA395FEFF761E3 /* Pods-CalendarApp.debug.xcconfig */ = {isa = PBXFileReference; includeInIndex = 1; lastKnownFileType = text.xcconfig; name = "Pods-CalendarApp.debug.xcconfig"; path = "Pods/Target Support Files/Pods-CalendarApp/Pods-CalendarApp.debug.xcconfig"; sourceTree = "<group>"; };
		2BF709CFA1C4D903B40E9F30 /* Pods_CalendarAppTests.framework */ = {isa = PBXFileReference; explicitFileType = wrapper.framework; includeInIndex = 0; path = Pods_CalendarAppTests.framework; sourceTree = BUILT_PRODUCTS_DIR; };
		4297F467CF3F8865E0340D38 /* Pods-CalendarAppUITests.debug.xcconfig */ = {isa = PBXFileReference; includeInIndex = 1; lastKnownFileType = text.xcconfig; name = "Pods-CalendarAppUITests.debug.xcconfig"; path = "Pods/Target Support Files/Pods-CalendarAppUITests/Pods-CalendarAppUITests.debug.xcconfig"; sourceTree = "<group>"; };
		87123780228FF6BC003F5F88 /* CalendarApp.app */ = {isa = PBXFileReference; explicitFileType = wrapper.application; includeInIndex = 0; path = CalendarApp.app; sourceTree = BUILT_PRODUCTS_DIR; };
		87123783228FF6BC003F5F88 /* AppDelegate.swift */ = {isa = PBXFileReference; lastKnownFileType = sourcecode.swift; path = AppDelegate.swift; sourceTree = "<group>"; };
		87123788228FF6BC003F5F88 /* Base */ = {isa = PBXFileReference; lastKnownFileType = file.storyboard; name = Base; path = Base.lproj/Main.storyboard; sourceTree = "<group>"; };
		8712378A228FF6BD003F5F88 /* Assets.xcassets */ = {isa = PBXFileReference; lastKnownFileType = folder.assetcatalog; path = Assets.xcassets; sourceTree = "<group>"; };
		8712378D228FF6BD003F5F88 /* Base */ = {isa = PBXFileReference; lastKnownFileType = file.storyboard; name = Base; path = Base.lproj/LaunchScreen.storyboard; sourceTree = "<group>"; };
		8712378F228FF6BD003F5F88 /* Info.plist */ = {isa = PBXFileReference; lastKnownFileType = text.plist.xml; path = Info.plist; sourceTree = "<group>"; };
		87123794228FF6BD003F5F88 /* CalendarAppTests.xctest */ = {isa = PBXFileReference; explicitFileType = wrapper.cfbundle; includeInIndex = 0; path = CalendarAppTests.xctest; sourceTree = BUILT_PRODUCTS_DIR; };
		8712379F228FF6BD003F5F88 /* CalendarAppUITests.xctest */ = {isa = PBXFileReference; explicitFileType = wrapper.cfbundle; includeInIndex = 0; path = CalendarAppUITests.xctest; sourceTree = BUILT_PRODUCTS_DIR; };
		871237B1228FFAEE003F5F88 /* CalendarViewController.swift */ = {isa = PBXFileReference; lastKnownFileType = sourcecode.swift; path = CalendarViewController.swift; sourceTree = "<group>"; };
		88138FB56D85012495A1A5CF /* Pods-CalendarAppUITests.release.xcconfig */ = {isa = PBXFileReference; includeInIndex = 1; lastKnownFileType = text.xcconfig; name = "Pods-CalendarAppUITests.release.xcconfig"; path = "Pods/Target Support Files/Pods-CalendarAppUITests/Pods-CalendarAppUITests.release.xcconfig"; sourceTree = "<group>"; };
		9B0AB069B3A376843206C039 /* Pods-CalendarAppTests.release.xcconfig */ = {isa = PBXFileReference; includeInIndex = 1; lastKnownFileType = text.xcconfig; name = "Pods-CalendarAppTests.release.xcconfig"; path = "Pods/Target Support Files/Pods-CalendarAppTests/Pods-CalendarAppTests.release.xcconfig"; sourceTree = "<group>"; };
		9D2A8D354DC3AF6B7C02A7E8 /* Pods_CalendarAppUITests.framework */ = {isa = PBXFileReference; explicitFileType = wrapper.framework; includeInIndex = 0; path = Pods_CalendarAppUITests.framework; sourceTree = BUILT_PRODUCTS_DIR; };
		E4E95C4C0BA9155A6DD511B7 /* Pods-CalendarAppTests.debug.xcconfig */ = {isa = PBXFileReference; includeInIndex = 1; lastKnownFileType = text.xcconfig; name = "Pods-CalendarAppTests.debug.xcconfig"; path = "Pods/Target Support Files/Pods-CalendarAppTests/Pods-CalendarAppTests.debug.xcconfig"; sourceTree = "<group>"; };
		F738E49BD5ED62F05EE5DC12 /* Pods_CalendarApp.framework */ = {isa = PBXFileReference; explicitFileType = wrapper.framework; includeInIndex = 0; path = Pods_CalendarApp.framework; sourceTree = BUILT_PRODUCTS_DIR; };
/* End PBXFileReference section */

/* Begin PBXFrameworksBuildPhase section */
		8712377D228FF6BC003F5F88 /* Frameworks */ = {
			isa = PBXFrameworksBuildPhase;
			buildActionMask = 2147483647;
			files = (
				B5A5C1841AABB2C3DE1F5276 /* Pods_CalendarApp.framework in Frameworks */,
			);
			runOnlyForDeploymentPostprocessing = 0;
		};
		87123791228FF6BD003F5F88 /* Frameworks */ = {
			isa = PBXFrameworksBuildPhase;
			buildActionMask = 2147483647;
			files = (
				93059A20F20FEAE639DD07D7 /* Pods_CalendarAppTests.framework in Frameworks */,
			);
			runOnlyForDeploymentPostprocessing = 0;
		};
		8712379C228FF6BD003F5F88 /* Frameworks */ = {
			isa = PBXFrameworksBuildPhase;
			buildActionMask = 2147483647;
			files = (
				F46336F690BF5EB2ADD5BB5C /* Pods_CalendarAppUITests.framework in Frameworks */,
			);
			runOnlyForDeploymentPostprocessing = 0;
		};
/* End PBXFrameworksBuildPhase section */

/* Begin PBXGroup section */
		3CA361C539F4DFC69B644DA9 /* Pods */ = {
			isa = PBXGroup;
			children = (
				1F4CB158F9FA395FEFF761E3 /* Pods-CalendarApp.debug.xcconfig */,
				0DB9545F32BF615975A9C01C /* Pods-CalendarApp.release.xcconfig */,
				E4E95C4C0BA9155A6DD511B7 /* Pods-CalendarAppTests.debug.xcconfig */,
				9B0AB069B3A376843206C039 /* Pods-CalendarAppTests.release.xcconfig */,
				4297F467CF3F8865E0340D38 /* Pods-CalendarAppUITests.debug.xcconfig */,
				88138FB56D85012495A1A5CF /* Pods-CalendarAppUITests.release.xcconfig */,
			);
			name = Pods;
			sourceTree = "<group>";
		};
		87123777228FF6BC003F5F88 = {
			isa = PBXGroup;
			children = (
				87123782228FF6BC003F5F88 /* CalendarApp */,
				87123781228FF6BC003F5F88 /* Products */,
				3CA361C539F4DFC69B644DA9 /* Pods */,
				FD88642347C883B95841A0AB /* Frameworks */,
			);
			sourceTree = "<group>";
		};
		87123781228FF6BC003F5F88 /* Products */ = {
			isa = PBXGroup;
			children = (
				87123780228FF6BC003F5F88 /* CalendarApp.app */,
				87123794228FF6BD003F5F88 /* CalendarAppTests.xctest */,
				8712379F228FF6BD003F5F88 /* CalendarAppUITests.xctest */,
			);
			name = Products;
			sourceTree = "<group>";
		};
		87123782228FF6BC003F5F88 /* CalendarApp */ = {
			isa = PBXGroup;
			children = (
				87123783228FF6BC003F5F88 /* AppDelegate.swift */,
				871237B1228FFAEE003F5F88 /* CalendarViewController.swift */,
				87123787228FF6BC003F5F88 /* Main.storyboard */,
				8712378A228FF6BD003F5F88 /* Assets.xcassets */,
				8712378C228FF6BD003F5F88 /* LaunchScreen.storyboard */,
				8712378F228FF6BD003F5F88 /* Info.plist */,
			);
			path = CalendarApp;
			sourceTree = "<group>";
		};
		FD88642347C883B95841A0AB /* Frameworks */ = {
			isa = PBXGroup;
			children = (
				F738E49BD5ED62F05EE5DC12 /* Pods_CalendarApp.framework */,
				2BF709CFA1C4D903B40E9F30 /* Pods_CalendarAppTests.framework */,
				9D2A8D354DC3AF6B7C02A7E8 /* Pods_CalendarAppUITests.framework */,
			);
			name = Frameworks;
			sourceTree = "<group>";
		};
/* End PBXGroup section */

/* Begin PBXNativeTarget section */
		8712377F228FF6BC003F5F88 /* CalendarApp */ = {
			isa = PBXNativeTarget;
			buildConfigurationList = 871237A8228FF6BD003F5F88 /* Build configuration list for PBXNativeTarget "CalendarApp" */;
			buildPhases = (
				FB4A5DDC91EFABC2241E91BE /* [CP] Check Pods Manifest.lock */,
				8712377C228FF6BC003F5F88 /* Sources */,
				8712377D228FF6BC003F5F88 /* Frameworks */,
				8712377E228FF6BC003F5F88 /* Resources */,
				07712DCA6C738AFBAA3548FF /* [CP] Embed Pods Frameworks */,
			);
			buildRules = (
			);
			dependencies = (
			);
			name = CalendarApp;
			productName = CalendarApp;
			productReference = 87123780228FF6BC003F5F88 /* CalendarApp.app */;
			productType = "com.apple.product-type.application";
		};
		87123793228FF6BD003F5F88 /* CalendarAppTests */ = {
			isa = PBXNativeTarget;
			buildConfigurationList = 871237AB228FF6BD003F5F88 /* Build configuration list for PBXNativeTarget "CalendarAppTests" */;
			buildPhases = (
				BA043A390694720A6949FB52 /* [CP] Check Pods Manifest.lock */,
				87123790228FF6BD003F5F88 /* Sources */,
				87123791228FF6BD003F5F88 /* Frameworks */,
				87123792228FF6BD003F5F88 /* Resources */,
			);
			buildRules = (
			);
			dependencies = (
				87123796228FF6BD003F5F88 /* PBXTargetDependency */,
			);
			name = CalendarAppTests;
			productName = CalendarAppTests;
			productReference = 87123794228FF6BD003F5F88 /* CalendarAppTests.xctest */;
			productType = "com.apple.product-type.bundle.unit-test";
		};
		8712379E228FF6BD003F5F88 /* CalendarAppUITests */ = {
			isa = PBXNativeTarget;
			buildConfigurationList = 871237AE228FF6BD003F5F88 /* Build configuration list for PBXNativeTarget "CalendarAppUITests" */;
			buildPhases = (
				D75347923630FE541DF578DC /* [CP] Check Pods Manifest.lock */,
				8712379B228FF6BD003F5F88 /* Sources */,
				8712379C228FF6BD003F5F88 /* Frameworks */,
				8712379D228FF6BD003F5F88 /* Resources */,
			);
			buildRules = (
			);
			dependencies = (
				871237A1228FF6BD003F5F88 /* PBXTargetDependency */,
			);
			name = CalendarAppUITests;
			productName = CalendarAppUITests;
			productReference = 8712379F228FF6BD003F5F88 /* CalendarAppUITests.xctest */;
			productType = "com.apple.product-type.bundle.ui-testing";
		};
/* End PBXNativeTarget section */

/* Begin PBXProject section */
		87123778228FF6BC003F5F88 /* Project object */ = {
			isa = PBXProject;
			attributes = {
				LastSwiftUpdateCheck = 1020;
				LastUpgradeCheck = 1020;
				ORGANIZATIONNAME = Nexceed;
				TargetAttributes = {
					8712377F228FF6BC003F5F88 = {
						CreatedOnToolsVersion = 10.2.1;
					};
					87123793228FF6BD003F5F88 = {
						CreatedOnToolsVersion = 10.2.1;
						TestTargetID = 8712377F228FF6BC003F5F88;
					};
					8712379E228FF6BD003F5F88 = {
						CreatedOnToolsVersion = 10.2.1;
						TestTargetID = 8712377F228FF6BC003F5F88;
					};
				};
			};
			buildConfigurationList = 8712377B228FF6BC003F5F88 /* Build configuration list for PBXProject "CalendarApp" */;
			compatibilityVersion = "Xcode 9.3";
			developmentRegion = en;
			hasScannedForEncodings = 0;
			knownRegions = (
				en,
				Base,
			);
			mainGroup = 87123777228FF6BC003F5F88;
			productRefGroup = 87123781228FF6BC003F5F88 /* Products */;
			projectDirPath = "";
			projectRoot = "";
			targets = (
				8712377F228FF6BC003F5F88 /* CalendarApp */,
				87123793228FF6BD003F5F88 /* CalendarAppTests */,
				8712379E228FF6BD003F5F88 /* CalendarAppUITests */,
			);
		};
/* End PBXProject section */

/* Begin PBXResourcesBuildPhase section */
		8712377E228FF6BC003F5F88 /* Resources */ = {
			isa = PBXResourcesBuildPhase;
			buildActionMask = 2147483647;
			files = (
				8712378E228FF6BD003F5F88 /* LaunchScreen.storyboard in Resources */,
				8712378B228FF6BD003F5F88 /* Assets.xcassets in Resources */,
				87123789228FF6BC003F5F88 /* Main.storyboard in Resources */,
			);
			runOnlyForDeploymentPostprocessing = 0;
		};
		87123792228FF6BD003F5F88 /* Resources */ = {
			isa = PBXResourcesBuildPhase;
			buildActionMask = 2147483647;
			files = (
			);
			runOnlyForDeploymentPostprocessing = 0;
		};
		8712379D228FF6BD003F5F88 /* Resources */ = {
			isa = PBXResourcesBuildPhase;
			buildActionMask = 2147483647;
			files = (
			);
			runOnlyForDeploymentPostprocessing = 0;
		};
/* End PBXResourcesBuildPhase section */

/* Begin PBXShellScriptBuildPhase section */
		07712DCA6C738AFBAA3548FF /* [CP] Embed Pods Frameworks */ = {
			isa = PBXShellScriptBuildPhase;
			buildActionMask = 2147483647;
			files = (
			);
			inputFileListPaths = (
			);
			inputPaths = (
				"${SRCROOT}/Pods/Target Support Files/Pods-CalendarApp/Pods-CalendarApp-frameworks.sh",
				"${BUILT_PRODUCTS_DIR}/CalculateCalendarLogic/CalculateCalendarLogic.framework",
				"${BUILT_PRODUCTS_DIR}/FSCalendar/FSCalendar.framework",
			);
			name = "[CP] Embed Pods Frameworks";
			outputFileListPaths = (
			);
			outputPaths = (
				"${TARGET_BUILD_DIR}/${FRAMEWORKS_FOLDER_PATH}/CalculateCalendarLogic.framework",
				"${TARGET_BUILD_DIR}/${FRAMEWORKS_FOLDER_PATH}/FSCalendar.framework",
			);
			runOnlyForDeploymentPostprocessing = 0;
			shellPath = /bin/sh;
			shellScript = "\"${SRCROOT}/Pods/Target Support Files/Pods-CalendarApp/Pods-CalendarApp-frameworks.sh\"\n";
			showEnvVarsInLog = 0;
		};
		BA043A390694720A6949FB52 /* [CP] Check Pods Manifest.lock */ = {
			isa = PBXShellScriptBuildPhase;
			buildActionMask = 2147483647;
			files = (
			);
			inputFileListPaths = (
			);
			inputPaths = (
				"${PODS_PODFILE_DIR_PATH}/Podfile.lock",
				"${PODS_ROOT}/Manifest.lock",
			);
			name = "[CP] Check Pods Manifest.lock";
			outputFileListPaths = (
			);
			outputPaths = (
				"$(DERIVED_FILE_DIR)/Pods-CalendarAppTests-checkManifestLockResult.txt",
			);
			runOnlyForDeploymentPostprocessing = 0;
			shellPath = /bin/sh;
			shellScript = "diff \"${PODS_PODFILE_DIR_PATH}/Podfile.lock\" \"${PODS_ROOT}/Manifest.lock\" > /dev/null\nif [ $? != 0 ] ; then\n    # print error to STDERR\n    echo \"error: The sandbox is not in sync with the Podfile.lock. Run 'pod install' or update your CocoaPods installation.\" >&2\n    exit 1\nfi\n# This output is used by Xcode 'outputs' to avoid re-running this script phase.\necho \"SUCCESS\" > \"${SCRIPT_OUTPUT_FILE_0}\"\n";
			showEnvVarsInLog = 0;
		};
		D75347923630FE541DF578DC /* [CP] Check Pods Manifest.lock */ = {
			isa = PBXShellScriptBuildPhase;
			buildActionMask = 2147483647;
			files = (
			);
			inputFileListPaths = (
			);
			inputPaths = (
				"${PODS_PODFILE_DIR_PATH}/Podfile.lock",
				"${PODS_ROOT}/Manifest.lock",
			);
			name = "[CP] Check Pods Manifest.lock";
			outputFileListPaths = (
			);
			outputPaths = (
				"$(DERIVED_FILE_DIR)/Pods-CalendarAppUITests-checkManifestLockResult.txt",
			);
			runOnlyForDeploymentPostprocessing = 0;
			shellPath = /bin/sh;
			shellScript = "diff \"${PODS_PODFILE_DIR_PATH}/Podfile.lock\" \"${PODS_ROOT}/Manifest.lock\" > /dev/null\nif [ $? != 0 ] ; then\n    # print error to STDERR\n    echo \"error: The sandbox is not in sync with the Podfile.lock. Run 'pod install' or update your CocoaPods installation.\" >&2\n    exit 1\nfi\n# This output is used by Xcode 'outputs' to avoid re-running this script phase.\necho \"SUCCESS\" > \"${SCRIPT_OUTPUT_FILE_0}\"\n";
			showEnvVarsInLog = 0;
		};
		FB4A5DDC91EFABC2241E91BE /* [CP] Check Pods Manifest.lock */ = {
			isa = PBXShellScriptBuildPhase;
			buildActionMask = 2147483647;
			files = (
			);
			inputFileListPaths = (
			);
			inputPaths = (
				"${PODS_PODFILE_DIR_PATH}/Podfile.lock",
				"${PODS_ROOT}/Manifest.lock",
			);
			name = "[CP] Check Pods Manifest.lock";
			outputFileListPaths = (
			);
			outputPaths = (
				"$(DERIVED_FILE_DIR)/Pods-CalendarApp-checkManifestLockResult.txt",
			);
			runOnlyForDeploymentPostprocessing = 0;
			shellPath = /bin/sh;
			shellScript = "diff \"${PODS_PODFILE_DIR_PATH}/Podfile.lock\" \"${PODS_ROOT}/Manifest.lock\" > /dev/null\nif [ $? != 0 ] ; then\n    # print error to STDERR\n    echo \"error: The sandbox is not in sync with the Podfile.lock. Run 'pod install' or update your CocoaPods installation.\" >&2\n    exit 1\nfi\n# This output is used by Xcode 'outputs' to avoid re-running this script phase.\necho \"SUCCESS\" > \"${SCRIPT_OUTPUT_FILE_0}\"\n";
			showEnvVarsInLog = 0;
		};
/* End PBXShellScriptBuildPhase section */

/* Begin PBXSourcesBuildPhase section */
		8712377C228FF6BC003F5F88 /* Sources */ = {
			isa = PBXSourcesBuildPhase;
			buildActionMask = 2147483647;
			files = (
				871237B2228FFAEE003F5F88 /* CalendarViewController.swift in Sources */,
				87123784228FF6BC003F5F88 /* AppDelegate.swift in Sources */,
			);
			runOnlyForDeploymentPostprocessing = 0;
		};
		87123790228FF6BD003F5F88 /* Sources */ = {
			isa = PBXSourcesBuildPhase;
			buildActionMask = 2147483647;
			files = (
			);
			runOnlyForDeploymentPostprocessing = 0;
		};
		8712379B228FF6BD003F5F88 /* Sources */ = {
			isa = PBXSourcesBuildPhase;
			buildActionMask = 2147483647;
			files = (
			);
			runOnlyForDeploymentPostprocessing = 0;
		};
/* End PBXSourcesBuildPhase section */

/* Begin PBXTargetDependency section */
		87123796228FF6BD003F5F88 /* PBXTargetDependency */ = {
			isa = PBXTargetDependency;
			target = 8712377F228FF6BC003F5F88 /* CalendarApp */;
			targetProxy = 87123795228FF6BD003F5F88 /* PBXContainerItemProxy */;
		};
		871237A1228FF6BD003F5F88 /* PBXTargetDependency */ = {
			isa = PBXTargetDependency;
			target = 8712377F228FF6BC003F5F88 /* CalendarApp */;
			targetProxy = 871237A0228FF6BD003F5F88 /* PBXContainerItemProxy */;
		};
/* End PBXTargetDependency section */

/* Begin PBXVariantGroup section */
		87123787228FF6BC003F5F88 /* Main.storyboard */ = {
			isa = PBXVariantGroup;
			children = (
				87123788228FF6BC003F5F88 /* Base */,
			);
			name = Main.storyboard;
			sourceTree = "<group>";
		};
		8712378C228FF6BD003F5F88 /* LaunchScreen.storyboard */ = {
			isa = PBXVariantGroup;
			children = (
				8712378D228FF6BD003F5F88 /* Base */,
			);
			name = LaunchScreen.storyboard;
			sourceTree = "<group>";
		};
/* End PBXVariantGroup section */

/* Begin XCBuildConfiguration section */
		871237A6228FF6BD003F5F88 /* Debug */ = {
			isa = XCBuildConfiguration;
			buildSettings = {
				ALWAYS_SEARCH_USER_PATHS = NO;
				CLANG_ANALYZER_NONNULL = YES;
				CLANG_ANALYZER_NUMBER_OBJECT_CONVERSION = YES_AGGRESSIVE;
				CLANG_CXX_LANGUAGE_STANDARD = "gnu++14";
				CLANG_CXX_LIBRARY = "libc++";
				CLANG_ENABLE_MODULES = YES;
				CLANG_ENABLE_OBJC_ARC = YES;
				CLANG_ENABLE_OBJC_WEAK = YES;
				CLANG_WARN_BLOCK_CAPTURE_AUTORELEASING = YES;
				CLANG_WARN_BOOL_CONVERSION = YES;
				CLANG_WARN_COMMA = YES;
				CLANG_WARN_CONSTANT_CONVERSION = YES;
				CLANG_WARN_DEPRECATED_OBJC_IMPLEMENTATIONS = YES;
				CLANG_WARN_DIRECT_OBJC_ISA_USAGE = YES_ERROR;
				CLANG_WARN_DOCUMENTATION_COMMENTS = YES;
				CLANG_WARN_EMPTY_BODY = YES;
				CLANG_WARN_ENUM_CONVERSION = YES;
				CLANG_WARN_INFINITE_RECURSION = YES;
				CLANG_WARN_INT_CONVERSION = YES;
				CLANG_WARN_NON_LITERAL_NULL_CONVERSION = YES;
				CLANG_WARN_OBJC_IMPLICIT_RETAIN_SELF = YES;
				CLANG_WARN_OBJC_LITERAL_CONVERSION = YES;
				CLANG_WARN_OBJC_ROOT_CLASS = YES_ERROR;
				CLANG_WARN_RANGE_LOOP_ANALYSIS = YES;
				CLANG_WARN_STRICT_PROTOTYPES = YES;
				CLANG_WARN_SUSPICIOUS_MOVE = YES;
				CLANG_WARN_UNGUARDED_AVAILABILITY = YES_AGGRESSIVE;
				CLANG_WARN_UNREACHABLE_CODE = YES;
				CLANG_WARN__DUPLICATE_METHOD_MATCH = YES;
				CODE_SIGN_IDENTITY = "iPhone Developer";
				COPY_PHASE_STRIP = NO;
				DEBUG_INFORMATION_FORMAT = dwarf;
				ENABLE_STRICT_OBJC_MSGSEND = YES;
				ENABLE_TESTABILITY = YES;
				GCC_C_LANGUAGE_STANDARD = gnu11;
				GCC_DYNAMIC_NO_PIC = NO;
				GCC_NO_COMMON_BLOCKS = YES;
				GCC_OPTIMIZATION_LEVEL = 0;
				GCC_PREPROCESSOR_DEFINITIONS = (
					"DEBUG=1",
					"$(inherited)",
				);
				GCC_WARN_64_TO_32_BIT_CONVERSION = YES;
				GCC_WARN_ABOUT_RETURN_TYPE = YES_ERROR;
				GCC_WARN_UNDECLARED_SELECTOR = YES;
				GCC_WARN_UNINITIALIZED_AUTOS = YES_AGGRESSIVE;
				GCC_WARN_UNUSED_FUNCTION = YES;
				GCC_WARN_UNUSED_VARIABLE = YES;
				IPHONEOS_DEPLOYMENT_TARGET = 12.2;
				MTL_ENABLE_DEBUG_INFO = INCLUDE_SOURCE;
				MTL_FAST_MATH = YES;
				ONLY_ACTIVE_ARCH = YES;
				SDKROOT = iphoneos;
				SWIFT_ACTIVE_COMPILATION_CONDITIONS = DEBUG;
				SWIFT_OPTIMIZATION_LEVEL = "-Onone";
			};
			name = Debug;
		};
		871237A7228FF6BD003F5F88 /* Release */ = {
			isa = XCBuildConfiguration;
			buildSettings = {
				ALWAYS_SEARCH_USER_PATHS = NO;
				CLANG_ANALYZER_NONNULL = YES;
				CLANG_ANALYZER_NUMBER_OBJECT_CONVERSION = YES_AGGRESSIVE;
				CLANG_CXX_LANGUAGE_STANDARD = "gnu++14";
				CLANG_CXX_LIBRARY = "libc++";
				CLANG_ENABLE_MODULES = YES;
				CLANG_ENABLE_OBJC_ARC = YES;
				CLANG_ENABLE_OBJC_WEAK = YES;
				CLANG_WARN_BLOCK_CAPTURE_AUTORELEASING = YES;
				CLANG_WARN_BOOL_CONVERSION = YES;
				CLANG_WARN_COMMA = YES;
				CLANG_WARN_CONSTANT_CONVERSION = YES;
				CLANG_WARN_DEPRECATED_OBJC_IMPLEMENTATIONS = YES;
				CLANG_WARN_DIRECT_OBJC_ISA_USAGE = YES_ERROR;
				CLANG_WARN_DOCUMENTATION_COMMENTS = YES;
				CLANG_WARN_EMPTY_BODY = YES;
				CLANG_WARN_ENUM_CONVERSION = YES;
				CLANG_WARN_INFINITE_RECURSION = YES;
				CLANG_WARN_INT_CONVERSION = YES;
				CLANG_WARN_NON_LITERAL_NULL_CONVERSION = YES;
				CLANG_WARN_OBJC_IMPLICIT_RETAIN_SELF = YES;
				CLANG_WARN_OBJC_LITERAL_CONVERSION = YES;
				CLANG_WARN_OBJC_ROOT_CLASS = YES_ERROR;
				CLANG_WARN_RANGE_LOOP_ANALYSIS = YES;
				CLANG_WARN_STRICT_PROTOTYPES = YES;
				CLANG_WARN_SUSPICIOUS_MOVE = YES;
				CLANG_WARN_UNGUARDED_AVAILABILITY = YES_AGGRESSIVE;
				CLANG_WARN_UNREACHABLE_CODE = YES;
				CLANG_WARN__DUPLICATE_METHOD_MATCH = YES;
				CODE_SIGN_IDENTITY = "iPhone Developer";
				COPY_PHASE_STRIP = NO;
				DEBUG_INFORMATION_FORMAT = "dwarf-with-dsym";
				ENABLE_NS_ASSERTIONS = NO;
				ENABLE_STRICT_OBJC_MSGSEND = YES;
				GCC_C_LANGUAGE_STANDARD = gnu11;
				GCC_NO_COMMON_BLOCKS = YES;
				GCC_WARN_64_TO_32_BIT_CONVERSION = YES;
				GCC_WARN_ABOUT_RETURN_TYPE = YES_ERROR;
				GCC_WARN_UNDECLARED_SELECTOR = YES;
				GCC_WARN_UNINITIALIZED_AUTOS = YES_AGGRESSIVE;
				GCC_WARN_UNUSED_FUNCTION = YES;
				GCC_WARN_UNUSED_VARIABLE = YES;
				IPHONEOS_DEPLOYMENT_TARGET = 12.2;
				MTL_ENABLE_DEBUG_INFO = NO;
				MTL_FAST_MATH = YES;
				SDKROOT = iphoneos;
				SWIFT_COMPILATION_MODE = wholemodule;
				SWIFT_OPTIMIZATION_LEVEL = "-O";
				VALIDATE_PRODUCT = YES;
			};
			name = Release;
		};
		871237A9228FF6BD003F5F88 /* Debug */ = {
			isa = XCBuildConfiguration;
			baseConfigurationReference = 1F4CB158F9FA395FEFF761E3 /* Pods-CalendarApp.debug.xcconfig */;
			buildSettings = {
				ASSETCATALOG_COMPILER_APPICON_NAME = AppIcon;
				CODE_SIGN_STYLE = Automatic;
				DEVELOPMENT_TEAM = 56PB9WHG3Q;
				INFOPLIST_FILE = CalendarApp/Info.plist;
				LD_RUNPATH_SEARCH_PATHS = (
					"$(inherited)",
					"@executable_path/Frameworks",
				);
				PRODUCT_BUNDLE_IDENTIFIER = jp.co.nexceed.CalendarApp;
				PRODUCT_NAME = "$(TARGET_NAME)";
				SWIFT_VERSION = 5.0;
				TARGETED_DEVICE_FAMILY = "1,2";
			};
			name = Debug;
		};
		871237AA228FF6BD003F5F88 /* Release */ = {
			isa = XCBuildConfiguration;
			baseConfigurationReference = 0DB9545F32BF615975A9C01C /* Pods-CalendarApp.release.xcconfig */;
			buildSettings = {
				ASSETCATALOG_COMPILER_APPICON_NAME = AppIcon;
				CODE_SIGN_STYLE = Automatic;
				DEVELOPMENT_TEAM = 56PB9WHG3Q;
				INFOPLIST_FILE = CalendarApp/Info.plist;
				LD_RUNPATH_SEARCH_PATHS = (
					"$(inherited)",
					"@executable_path/Frameworks",
				);
				PRODUCT_BUNDLE_IDENTIFIER = jp.co.nexceed.CalendarApp;
				PRODUCT_NAME = "$(TARGET_NAME)";
				SWIFT_VERSION = 5.0;
				TARGETED_DEVICE_FAMILY = "1,2";
			};
			name = Release;
		};
		871237AC228FF6BD003F5F88 /* Debug */ = {
			isa = XCBuildConfiguration;
			baseConfigurationReference = E4E95C4C0BA9155A6DD511B7 /* Pods-CalendarAppTests.debug.xcconfig */;
			buildSettings = {
				ALWAYS_EMBED_SWIFT_STANDARD_LIBRARIES = YES;
				BUNDLE_LOADER = "$(TEST_HOST)";
				CODE_SIGN_STYLE = Automatic;
				DEVELOPMENT_TEAM = 56PB9WHG3Q;
				INFOPLIST_FILE = CalendarAppTests/Info.plist;
				LD_RUNPATH_SEARCH_PATHS = (
					"$(inherited)",
					"@executable_path/Frameworks",
					"@loader_path/Frameworks",
				);
				PRODUCT_BUNDLE_IDENTIFIER = jp.co.nexceed.CalendarAppTests;
				PRODUCT_NAME = "$(TARGET_NAME)";
				SWIFT_VERSION = 5.0;
				TARGETED_DEVICE_FAMILY = "1,2";
				TEST_HOST = "$(BUILT_PRODUCTS_DIR)/CalendarApp.app/CalendarApp";
			};
			name = Debug;
		};
		871237AD228FF6BD003F5F88 /* Release */ = {
			isa = XCBuildConfiguration;
			baseConfigurationReference = 9B0AB069B3A376843206C039 /* Pods-CalendarAppTests.release.xcconfig */;
			buildSettings = {
				ALWAYS_EMBED_SWIFT_STANDARD_LIBRARIES = YES;
				BUNDLE_LOADER = "$(TEST_HOST)";
				CODE_SIGN_STYLE = Automatic;
				DEVELOPMENT_TEAM = 56PB9WHG3Q;
				INFOPLIST_FILE = CalendarAppTests/Info.plist;
				LD_RUNPATH_SEARCH_PATHS = (
					"$(inherited)",
					"@executable_path/Frameworks",
					"@loader_path/Frameworks",
				);
				PRODUCT_BUNDLE_IDENTIFIER = jp.co.nexceed.CalendarAppTests;
				PRODUCT_NAME = "$(TARGET_NAME)";
				SWIFT_VERSION = 5.0;
				TARGETED_DEVICE_FAMILY = "1,2";
				TEST_HOST = "$(BUILT_PRODUCTS_DIR)/CalendarApp.app/CalendarApp";
			};
			name = Release;
		};
		871237AF228FF6BD003F5F88 /* Debug */ = {
			isa = XCBuildConfiguration;
			baseConfigurationReference = 4297F467CF3F8865E0340D38 /* Pods-CalendarAppUITests.debug.xcconfig */;
			buildSettings = {
				ALWAYS_EMBED_SWIFT_STANDARD_LIBRARIES = YES;
				CODE_SIGN_STYLE = Automatic;
				DEVELOPMENT_TEAM = 56PB9WHG3Q;
				INFOPLIST_FILE = CalendarAppUITests/Info.plist;
				LD_RUNPATH_SEARCH_PATHS = (
					"$(inherited)",
					"@executable_path/Frameworks",
					"@loader_path/Frameworks",
				);
				PRODUCT_BUNDLE_IDENTIFIER = jp.co.nexceed.CalendarAppUITests;
				PRODUCT_NAME = "$(TARGET_NAME)";
				SWIFT_VERSION = 5.0;
				TARGETED_DEVICE_FAMILY = "1,2";
				TEST_TARGET_NAME = CalendarApp;
			};
			name = Debug;
		};
		871237B0228FF6BD003F5F88 /* Release */ = {
			isa = XCBuildConfiguration;
			baseConfigurationReference = 88138FB56D85012495A1A5CF /* Pods-CalendarAppUITests.release.xcconfig */;
			buildSettings = {
				ALWAYS_EMBED_SWIFT_STANDARD_LIBRARIES = YES;
				CODE_SIGN_STYLE = Automatic;
				DEVELOPMENT_TEAM = 56PB9WHG3Q;
				INFOPLIST_FILE = CalendarAppUITests/Info.plist;
				LD_RUNPATH_SEARCH_PATHS = (
					"$(inherited)",
					"@executable_path/Frameworks",
					"@loader_path/Frameworks",
				);
				PRODUCT_BUNDLE_IDENTIFIER = jp.co.nexceed.CalendarAppUITests;
				PRODUCT_NAME = "$(TARGET_NAME)";
				SWIFT_VERSION = 5.0;
				TARGETED_DEVICE_FAMILY = "1,2";
				TEST_TARGET_NAME = CalendarApp;
			};
			name = Release;
		};
/* End XCBuildConfiguration section */

/* Begin XCConfigurationList section */
		8712377B228FF6BC003F5F88 /* Build configuration list for PBXProject "CalendarApp" */ = {
			isa = XCConfigurationList;
			buildConfigurations = (
				871237A6228FF6BD003F5F88 /* Debug */,
				871237A7228FF6BD003F5F88 /* Release */,
			);
			defaultConfigurationIsVisible = 0;
			defaultConfigurationName = Release;
		};
		871237A8228FF6BD003F5F88 /* Build configuration list for PBXNativeTarget "CalendarApp" */ = {
			isa = XCConfigurationList;
			buildConfigurations = (
				871237A9228FF6BD003F5F88 /* Debug */,
				871237AA228FF6BD003F5F88 /* Release */,
			);
			defaultConfigurationIsVisible = 0;
			defaultConfigurationName = Release;
		};
		871237AB228FF6BD003F5F88 /* Build configuration list for PBXNativeTarget "CalendarAppTests" */ = {
			isa = XCConfigurationList;
			buildConfigurations = (
				871237AC228FF6BD003F5F88 /* Debug */,
				871237AD228FF6BD003F5F88 /* Release */,
			);
			defaultConfigurationIsVisible = 0;
			defaultConfigurationName = Release;
		};
		871237AE228FF6BD003F5F88 /* Build configuration list for PBXNativeTarget "CalendarAppUITests" */ = {
			isa = XCConfigurationList;
			buildConfigurations = (
				871237AF228FF6BD003F5F88 /* Debug */,
				871237B0228FF6BD003F5F88 /* Release */,
			);
			defaultConfigurationIsVisible = 0;
			defaultConfigurationName = Release;
		};
/* End XCConfigurationList section */
	};
	rootObject = 87123778228FF6BC003F5F88 /* Project object */;
}
